
Microsoft Visual Studio Solution File, Format Version 12.00
# Visual Studio 15
Project("{FAE04EC0-301F-11D3-BF4B-00C04F79EFBC}") = "Assembly-CSharp", "Assembly-CSharp.csproj", "{73796FED-7BAA-99A4-E23C-C13896909110}"
EndProject
Global
	GlobalSection(SolutionConfigurationPlatforms) = preSolution
		Debug|Any CPU = Debug|Any CPU
		Release|Any CPU = Release|Any CPU
	EndGlobalSection
	GlobalSection(ProjectConfigurationPlatforms) = postSolution
		{73796FED-7BAA-99A4-E23C-C13896909110}.Debug|Any CPU.ActiveCfg = Debug|Any CPU
		{73796FED-7BAA-99A4-E23C-C13896909110}.Debug|Any CPU.Build.0 = Debug|Any CPU
		{73796FED-7BAA-99A4-E23C-C13896909110}.Release|Any CPU.ActiveCfg = Release|Any CPU
		{73796FED-7BAA-99A4-E23C-C13896909110}.Release|Any CPU.Build.0 = Release|Any CPU
	EndGlobalSection
	GlobalSection(SolutionProperties) = preSolution
		HideSolutionNode = FALSE
	EndGlobalSection
EndGlobal
